
Microsoft Visual Studio Solution File, Format Version 12.00
# Visual Studio Version 17
VisualStudioVersion = 17.1.32407.343
MinimumVisualStudioVersion = 10.0.40219.1
Project("{9A19103F-16F7-4668-BE54-9A1E7A4F7556}") = "YITC.Proxy", "Sources\YITC.Proxy.csproj", "{49297FC6-1C3E-4087-9374-4E0824E5C882}"
EndProject
Global
	GlobalSection(SolutionConfigurationPlatforms) = preSolution
		Debug|Any CPU = Debug|Any CPU
		Release|Any CPU = Release|Any CPU
	EndGlobalSection
	GlobalSection(ProjectConfigurationPlatforms) = postSolution
		{49297FC6-1C3E-4087-9374-4E0824E5C882}.Debug|Any CPU.ActiveCfg = Debug|Any CPU
		{49297FC6-1C3E-4087-9374-4E0824E5C882}.Debug|Any CPU.Build.0 = Debug|Any CPU
		{49297FC6-1C3E-4087-9374-4E0824E5C882}.Release|Any CPU.ActiveCfg = Release|Any CPU
		{49297FC6-1C3E-4087-9374-4E0824E5C882}.Release|Any CPU.Build.0 = Release|Any CPU
	EndGlobalSection
	GlobalSection(SolutionProperties) = preSolution
		HideSolutionNode = FALSE
	EndGlobalSection
	GlobalSection(ExtensibilityGlobals) = postSolution
		SolutionGuid = {4483FC99-3F91-4952-88CF-0FFFCF311910}
	EndGlobalSection
EndGlobal
